// !$*UTF8*$!
{
	archiveVersion = 1;
	classes = {
	};
	objectVersion = 46;
	objects = {

/* Begin PBXBuildFile section */
		25115385197EEAC40008B59B /* DetailViewController.swift in Sources */ = {isa = PBXBuildFile; fileRef = 25115384197EEAC40008B59B /* DetailViewController.swift */; };
		25434E2A198012B200D30AE5 /* DetailViewController.swift in Sources */ = {isa = PBXBuildFile; fileRef = 25115384197EEAC40008B59B /* DetailViewController.swift */; };
		25434E2B198012B500D30AE5 /* RosterViewController.swift in Sources */ = {isa = PBXBuildFile; fileRef = 2589BB9E197F55A4001C0860 /* RosterViewController.swift */; };
		25434E2C198012C100D30AE5 /* PersonTableViewCell.swift in Sources */ = {isa = PBXBuildFile; fileRef = 25623B6E197F1AF00019D738 /* PersonTableViewCell.swift */; };
		25434E37198070B700D30AE5 /* angryPuppy.jpg in Resources */ = {isa = PBXBuildFile; fileRef = 25434E2D198070B700D30AE5 /* angryPuppy.jpg */; };
		25434E38198070B700D30AE5 /* derpPuppy.jpg in Resources */ = {isa = PBXBuildFile; fileRef = 25434E2E198070B700D30AE5 /* derpPuppy.jpg */; };
		25434E39198070B700D30AE5 /* dogWalkingPuppies.jpeg in Resources */ = {isa = PBXBuildFile; fileRef = 25434E2F198070B700D30AE5 /* dogWalkingPuppies.jpeg */; };
		25434E3A198070B700D30AE5 /* guilyPuppy.jpeg in Resources */ = {isa = PBXBuildFile; fileRef = 25434E30198070B700D30AE5 /* guilyPuppy.jpeg */; };
		25434E3B198070B700D30AE5 /* labPuppy.jpg in Resources */ = {isa = PBXBuildFile; fileRef = 25434E31198070B700D30AE5 /* labPuppy.jpg */; };
		25434E3C198070B700D30AE5 /* puppyAndBunny.jpg in Resources */ = {isa = PBXBuildFile; fileRef = 25434E32198070B700D30AE5 /* puppyAndBunny.jpg */; };
		25434E3D198070B700D30AE5 /* sadPom.jpeg in Resources */ = {isa = PBXBuildFile; fileRef = 25434E33198070B700D30AE5 /* sadPom.jpeg */; };
		25434E3E198070B700D30AE5 /* sleepingPuppy.jpg in Resources */ = {isa = PBXBuildFile; fileRef = 25434E34198070B700D30AE5 /* sleepingPuppy.jpg */; };
		25434E3F198070B700D30AE5 /* smallPuppy.jpeg in Resources */ = {isa = PBXBuildFile; fileRef = 25434E35198070B700D30AE5 /* smallPuppy.jpeg */; };
		25434E40198070B700D30AE5 /* yawningPuppy.jpg in Resources */ = {isa = PBXBuildFile; fileRef = 25434E36198070B700D30AE5 /* yawningPuppy.jpg */; };
		25623B6F197F1AF00019D738 /* PersonTableViewCell.swift in Sources */ = {isa = PBXBuildFile; fileRef = 25623B6E197F1AF00019D738 /* PersonTableViewCell.swift */; };
		2589BB9F197F55A4001C0860 /* RosterViewController.swift in Sources */ = {isa = PBXBuildFile; fileRef = 2589BB9E197F55A4001C0860 /* RosterViewController.swift */; };
		25E0F82A197D877C00668F79 /* AppDelegate.swift in Sources */ = {isa = PBXBuildFile; fileRef = 25E0F829197D877C00668F79 /* AppDelegate.swift */; };
		25E0F82C197D877C00668F79 /* ViewController.swift in Sources */ = {isa = PBXBuildFile; fileRef = 25E0F82B197D877C00668F79 /* ViewController.swift */; };
		25E0F82F197D877C00668F79 /* Main.storyboard in Resources */ = {isa = PBXBuildFile; fileRef = 25E0F82D197D877C00668F79 /* Main.storyboard */; };
		25E0F831197D877C00668F79 /* Images.xcassets in Resources */ = {isa = PBXBuildFile; fileRef = 25E0F830197D877C00668F79 /* Images.xcassets */; };
		25E0F83D197D877C00668F79 /* ClassRosterB19Tests.swift in Sources */ = {isa = PBXBuildFile; fileRef = 25E0F83C197D877C00668F79 /* ClassRosterB19Tests.swift */; };
		25E0F84A197D89CE00668F79 /* PersonTests.swift in Sources */ = {isa = PBXBuildFile; fileRef = 25E0F849197D89CE00668F79 /* PersonTests.swift */; };
		25E0F84C197D8AD400668F79 /* Person.swift in Sources */ = {isa = PBXBuildFile; fileRef = 25E0F84B197D8AD400668F79 /* Person.swift */; };
		25E0F84D197D8B6600668F79 /* Person.swift in Sources */ = {isa = PBXBuildFile; fileRef = 25E0F84B197D8AD400668F79 /* Person.swift */; };
		25E0F84F197DAAD500668F79 /* Husky Puppy.jpg in Resources */ = {isa = PBXBuildFile; fileRef = 25E0F84E197DAAD500668F79 /* Husky Puppy.jpg */; };
		25E0F850197DAAD500668F79 /* Husky Puppy.jpg in Resources */ = {isa = PBXBuildFile; fileRef = 25E0F84E197DAAD500668F79 /* Husky Puppy.jpg */; };
		25E0F852197DBA2C00668F79 /* Class Roster.plist in Resources */ = {isa = PBXBuildFile; fileRef = 25E0F851197DBA2C00668F79 /* Class Roster.plist */; };
		25E0F853197DBA2C00668F79 /* Class Roster.plist in Resources */ = {isa = PBXBuildFile; fileRef = 25E0F851197DBA2C00668F79 /* Class Roster.plist */; };
		25E0F855197DBCC300668F79 /* ViewControllerTests.swift in Sources */ = {isa = PBXBuildFile; fileRef = 25E0F854197DBCC300668F79 /* ViewControllerTests.swift */; };
		25E0F856197DBD1E00668F79 /* ViewController.swift in Sources */ = {isa = PBXBuildFile; fileRef = 25E0F82B197D877C00668F79 /* ViewController.swift */; };
/* End PBXBuildFile section */

/* Begin PBXContainerItemProxy section */
		25E0F837197D877C00668F79 /* PBXContainerItemProxy */ = {
			isa = PBXContainerItemProxy;
			containerPortal = 25E0F81C197D877C00668F79 /* Project object */;
			proxyType = 1;
			remoteGlobalIDString = 25E0F823197D877C00668F79;
			remoteInfo = ClassRosterB19;
		};
/* End PBXContainerItemProxy section */

/* Begin PBXFileReference section */
		25115384197EEAC40008B59B /* DetailViewController.swift */ = {isa = PBXFileReference; fileEncoding = 4; lastKnownFileType = sourcecode.swift; path = DetailViewController.swift; sourceTree = "<group>"; };
		25434E2D198070B700D30AE5 /* angryPuppy.jpg */ = {isa = PBXFileReference; lastKnownFileType = image.jpeg; path = angryPuppy.jpg; sourceTree = "<group>"; };
		25434E2E198070B700D30AE5 /* derpPuppy.jpg */ = {isa = PBXFileReference; lastKnownFileType = image.jpeg; path = derpPuppy.jpg; sourceTree = "<group>"; };
		25434E2F198070B700D30AE5 /* dogWalkingPuppies.jpeg */ = {isa = PBXFileReference; lastKnownFileType = image.jpeg; path = dogWalkingPuppies.jpeg; sourceTree = "<group>"; };
		25434E30198070B700D30AE5 /* guilyPuppy.jpeg */ = {isa = PBXFileReference; lastKnownFileType = image.jpeg; path = guilyPuppy.jpeg; sourceTree = "<group>"; };
		25434E31198070B700D30AE5 /* labPuppy.jpg */ = {isa = PBXFileReference; lastKnownFileType = image.jpeg; path = labPuppy.jpg; sourceTree = "<group>"; };
		25434E32198070B700D30AE5 /* puppyAndBunny.jpg */ = {isa = PBXFileReference; lastKnownFileType = image.jpeg; path = puppyAndBunny.jpg; sourceTree = "<group>"; };
		25434E33198070B700D30AE5 /* sadPom.jpeg */ = {isa = PBXFileReference; lastKnownFileType = image.jpeg; path = sadPom.jpeg; sourceTree = "<group>"; };
		25434E34198070B700D30AE5 /* sleepingPuppy.jpg */ = {isa = PBXFileReference; lastKnownFileType = image.jpeg; path = sleepingPuppy.jpg; sourceTree = "<group>"; };
		25434E35198070B700D30AE5 /* smallPuppy.jpeg */ = {isa = PBXFileReference; lastKnownFileType = image.jpeg; path = smallPuppy.jpeg; sourceTree = "<group>"; };
		25434E36198070B700D30AE5 /* yawningPuppy.jpg */ = {isa = PBXFileReference; lastKnownFileType = image.jpeg; path = yawningPuppy.jpg; sourceTree = "<group>"; };
		25623B6E197F1AF00019D738 /* PersonTableViewCell.swift */ = {isa = PBXFileReference; fileEncoding = 4; lastKnownFileType = sourcecode.swift; path = PersonTableViewCell.swift; sourceTree = "<group>"; };
		2589BB9E197F55A4001C0860 /* RosterViewController.swift */ = {isa = PBXFileReference; fileEncoding = 4; lastKnownFileType = sourcecode.swift; path = RosterViewController.swift; sourceTree = "<group>"; };
		25E0F824197D877C00668F79 /* ClassRosterB19.app */ = {isa = PBXFileReference; explicitFileType = wrapper.application; includeInIndex = 0; path = ClassRosterB19.app; sourceTree = BUILT_PRODUCTS_DIR; };
		25E0F828197D877C00668F79 /* Info.plist */ = {isa = PBXFileReference; lastKnownFileType = text.plist.xml; path = Info.plist; sourceTree = "<group>"; };
		25E0F829197D877C00668F79 /* AppDelegate.swift */ = {isa = PBXFileReference; lastKnownFileType = sourcecode.swift; path = AppDelegate.swift; sourceTree = "<group>"; };
		25E0F82B197D877C00668F79 /* ViewController.swift */ = {isa = PBXFileReference; lastKnownFileType = sourcecode.swift; path = ViewController.swift; sourceTree = "<group>"; };
		25E0F82E197D877C00668F79 /* Base */ = {isa = PBXFileReference; lastKnownFileType = file.storyboard; name = Base; path = Base.lproj/Main.storyboard; sourceTree = "<group>"; };
		25E0F830197D877C00668F79 /* Images.xcassets */ = {isa = PBXFileReference; lastKnownFileType = folder.assetcatalog; path = Images.xcassets; sourceTree = "<group>"; };
		25E0F836197D877C00668F79 /* ClassRosterB19Tests.xctest */ = {isa = PBXFileReference; explicitFileType = wrapper.cfbundle; includeInIndex = 0; path = ClassRosterB19Tests.xctest; sourceTree = BUILT_PRODUCTS_DIR; };
		25E0F83B197D877C00668F79 /* Info.plist */ = {isa = PBXFileReference; lastKnownFileType = text.plist.xml; path = Info.plist; sourceTree = "<group>"; };
		25E0F83C197D877C00668F79 /* ClassRosterB19Tests.swift */ = {isa = PBXFileReference; lastKnownFileType = sourcecode.swift; path = ClassRosterB19Tests.swift; sourceTree = "<group>"; };
		25E0F849197D89CE00668F79 /* PersonTests.swift */ = {isa = PBXFileReference; fileEncoding = 4; lastKnownFileType = sourcecode.swift; path = PersonTests.swift; sourceTree = "<group>"; };
		25E0F84B197D8AD400668F79 /* Person.swift */ = {isa = PBXFileReference; fileEncoding = 4; lastKnownFileType = sourcecode.swift; path = Person.swift; sourceTree = "<group>"; };
		25E0F84E197DAAD500668F79 /* Husky Puppy.jpg */ = {isa = PBXFileReference; lastKnownFileType = image.jpeg; name = "Husky Puppy.jpg"; path = "../Husky Puppy.jpg"; sourceTree = "<group>"; };
		25E0F851197DBA2C00668F79 /* Class Roster.plist */ = {isa = PBXFileReference; fileEncoding = 4; lastKnownFileType = text.plist.xml; path = "Class Roster.plist"; sourceTree = "<group>"; };
		25E0F854197DBCC300668F79 /* ViewControllerTests.swift */ = {isa = PBXFileReference; fileEncoding = 4; lastKnownFileType = sourcecode.swift; path = ViewControllerTests.swift; sourceTree = "<group>"; };
/* End PBXFileReference section */

/* Begin PBXFrameworksBuildPhase section */
		25E0F821197D877C00668F79 /* Frameworks */ = {
			isa = PBXFrameworksBuildPhase;
			buildActionMask = 2147483647;
			files = (
			);
			runOnlyForDeploymentPostprocessing = 0;
		};
		25E0F833197D877C00668F79 /* Frameworks */ = {
			isa = PBXFrameworksBuildPhase;
			buildActionMask = 2147483647;
			files = (
			);
			runOnlyForDeploymentPostprocessing = 0;
		};
/* End PBXFrameworksBuildPhase section */

/* Begin PBXGroup section */
		25434E41198070BB00D30AE5 /* Puppy Photos */ = {
			isa = PBXGroup;
			children = (
				25E0F84E197DAAD500668F79 /* Husky Puppy.jpg */,
				25434E2D198070B700D30AE5 /* angryPuppy.jpg */,
				25434E2E198070B700D30AE5 /* derpPuppy.jpg */,
				25434E2F198070B700D30AE5 /* dogWalkingPuppies.jpeg */,
				25434E30198070B700D30AE5 /* guilyPuppy.jpeg */,
				25434E31198070B700D30AE5 /* labPuppy.jpg */,
				25434E32198070B700D30AE5 /* puppyAndBunny.jpg */,
				25434E33198070B700D30AE5 /* sadPom.jpeg */,
				25434E34198070B700D30AE5 /* sleepingPuppy.jpg */,
				25434E35198070B700D30AE5 /* smallPuppy.jpeg */,
				25434E36198070B700D30AE5 /* yawningPuppy.jpg */,
			);
			name = "Puppy Photos";
			sourceTree = "<group>";
		};
		25E0F81B197D877C00668F79 = {
			isa = PBXGroup;
			children = (
				25E0F826197D877C00668F79 /* ClassRosterB19 */,
				25E0F839197D877C00668F79 /* ClassRosterB19Tests */,
				25E0F825197D877C00668F79 /* Products */,
			);
			sourceTree = "<group>";
		};
		25E0F825197D877C00668F79 /* Products */ = {
			isa = PBXGroup;
			children = (
				25E0F824197D877C00668F79 /* ClassRosterB19.app */,
				25E0F836197D877C00668F79 /* ClassRosterB19Tests.xctest */,
			);
			name = Products;
			sourceTree = "<group>";
		};
		25E0F826197D877C00668F79 /* ClassRosterB19 */ = {
			isa = PBXGroup;
			children = (
				25E0F848197D879100668F79 /* Controller */,
				25E0F847197D878D00668F79 /* View */,
				25E0F846197D878900668F79 /* Model */,
				25E0F829197D877C00668F79 /* AppDelegate.swift */,
				25E0F82D197D877C00668F79 /* Main.storyboard */,
				25E0F830197D877C00668F79 /* Images.xcassets */,
				25434E41198070BB00D30AE5 /* Puppy Photos */,
				25E0F827197D877C00668F79 /* Supporting Files */,
			);
			path = ClassRosterB19;
			sourceTree = "<group>";
		};
		25E0F827197D877C00668F79 /* Supporting Files */ = {
			isa = PBXGroup;
			children = (
				25E0F828197D877C00668F79 /* Info.plist */,
			);
			name = "Supporting Files";
			sourceTree = "<group>";
		};
		25E0F839197D877C00668F79 /* ClassRosterB19Tests */ = {
			isa = PBXGroup;
			children = (
				25E0F83C197D877C00668F79 /* ClassRosterB19Tests.swift */,
				25E0F849197D89CE00668F79 /* PersonTests.swift */,
				25E0F854197DBCC300668F79 /* ViewControllerTests.swift */,
				25E0F83A197D877C00668F79 /* Supporting Files */,
			);
			path = ClassRosterB19Tests;
			sourceTree = "<group>";
		};
		25E0F83A197D877C00668F79 /* Supporting Files */ = {
			isa = PBXGroup;
			children = (
				25E0F83B197D877C00668F79 /* Info.plist */,
			);
			name = "Supporting Files";
			sourceTree = "<group>";
		};
		25E0F846197D878900668F79 /* Model */ = {
			isa = PBXGroup;
			children = (
				25E0F84B197D8AD400668F79 /* Person.swift */,
				25E0F851197DBA2C00668F79 /* Class Roster.plist */,
			);
			name = Model;
			sourceTree = "<group>";
		};
		25E0F847197D878D00668F79 /* View */ = {
			isa = PBXGroup;
			children = (
				25623B6E197F1AF00019D738 /* PersonTableViewCell.swift */,
			);
			name = View;
			sourceTree = "<group>";
		};
		25E0F848197D879100668F79 /* Controller */ = {
			isa = PBXGroup;
			children = (
				25E0F82B197D877C00668F79 /* ViewController.swift */,
				2589BB9E197F55A4001C0860 /* RosterViewController.swift */,
				25115384197EEAC40008B59B /* DetailViewController.swift */,
			);
			name = Controller;
			sourceTree = "<group>";
		};
/* End PBXGroup section */

/* Begin PBXNativeTarget section */
		25E0F823197D877C00668F79 /* ClassRosterB19 */ = {
			isa = PBXNativeTarget;
			buildConfigurationList = 25E0F840197D877C00668F79 /* Build configuration list for PBXNativeTarget "ClassRosterB19" */;
			buildPhases = (
				25E0F820197D877C00668F79 /* Sources */,
				25E0F821197D877C00668F79 /* Frameworks */,
				25E0F822197D877C00668F79 /* Resources */,
			);
			buildRules = (
			);
			dependencies = (
			);
			name = ClassRosterB19;
			productName = ClassRosterB19;
			productReference = 25E0F824197D877C00668F79 /* ClassRosterB19.app */;
			productType = "com.apple.product-type.application";
		};
		25E0F835197D877C00668F79 /* ClassRosterB19Tests */ = {
			isa = PBXNativeTarget;
			buildConfigurationList = 25E0F843197D877C00668F79 /* Build configuration list for PBXNativeTarget "ClassRosterB19Tests" */;
			buildPhases = (
				25E0F832197D877C00668F79 /* Sources */,
				25E0F833197D877C00668F79 /* Frameworks */,
				25E0F834197D877C00668F79 /* Resources */,
			);
			buildRules = (
			);
			dependencies = (
				25E0F838197D877C00668F79 /* PBXTargetDependency */,
			);
			name = ClassRosterB19Tests;
			productName = ClassRosterB19Tests;
			productReference = 25E0F836197D877C00668F79 /* ClassRosterB19Tests.xctest */;
			productType = "com.apple.product-type.bundle.unit-test";
		};
/* End PBXNativeTarget section */

/* Begin PBXProject section */
		25E0F81C197D877C00668F79 /* Project object */ = {
			isa = PBXProject;
			attributes = {
				LastUpgradeCheck = 0600;
				ORGANIZATIONNAME = "Jeff Gayle";
				TargetAttributes = {
					25E0F823197D877C00668F79 = {
						CreatedOnToolsVersion = 6.0;
					};
					25E0F835197D877C00668F79 = {
						CreatedOnToolsVersion = 6.0;
						TestTargetID = 25E0F823197D877C00668F79;
					};
				};
			};
			buildConfigurationList = 25E0F81F197D877C00668F79 /* Build configuration list for PBXProject "ClassRosterB19" */;
			compatibilityVersion = "Xcode 3.2";
			developmentRegion = English;
			hasScannedForEncodings = 0;
			knownRegions = (
				en,
				Base,
			);
			mainGroup = 25E0F81B197D877C00668F79;
			productRefGroup = 25E0F825197D877C00668F79 /* Products */;
			projectDirPath = "";
			projectRoot = "";
			targets = (
				25E0F823197D877C00668F79 /* ClassRosterB19 */,
				25E0F835197D877C00668F79 /* ClassRosterB19Tests */,
			);
		};
/* End PBXProject section */

/* Begin PBXResourcesBuildPhase section */
		25E0F822197D877C00668F79 /* Resources */ = {
			isa = PBXResourcesBuildPhase;
			buildActionMask = 2147483647;
			files = (
				25434E40198070B700D30AE5 /* yawningPuppy.jpg in Resources */,
				25434E37198070B700D30AE5 /* angryPuppy.jpg in Resources */,
				25434E3E198070B700D30AE5 /* sleepingPuppy.jpg in Resources */,
				25434E39198070B700D30AE5 /* dogWalkingPuppies.jpeg in Resources */,
				25434E3D198070B700D30AE5 /* sadPom.jpeg in Resources */,
				25E0F82F197D877C00668F79 /* Main.storyboard in Resources */,
				25434E3A198070B700D30AE5 /* guilyPuppy.jpeg in Resources */,
				25E0F852197DBA2C00668F79 /* Class Roster.plist in Resources */,
				25434E38198070B700D30AE5 /* derpPuppy.jpg in Resources */,
				25E0F831197D877C00668F79 /* Images.xcassets in Resources */,
				25434E3F198070B700D30AE5 /* smallPuppy.jpeg in Resources */,
				25434E3B198070B700D30AE5 /* labPuppy.jpg in Resources */,
				25E0F84F197DAAD500668F79 /* Husky Puppy.jpg in Resources */,
				25434E3C198070B700D30AE5 /* puppyAndBunny.jpg in Resources */,
			);
			runOnlyForDeploymentPostprocessing = 0;
		};
		25E0F834197D877C00668F79 /* Resources */ = {
			isa = PBXResourcesBuildPhase;
			buildActionMask = 2147483647;
			files = (
				25E0F850197DAAD500668F79 /* Husky Puppy.jpg in Resources */,
				25E0F853197DBA2C00668F79 /* Class Roster.plist in Resources */,
			);
			runOnlyForDeploymentPostprocessing = 0;
		};
/* End PBXResourcesBuildPhase section */

/* Begin PBXSourcesBuildPhase section */
		25E0F820197D877C00668F79 /* Sources */ = {
			isa = PBXSourcesBuildPhase;
			buildActionMask = 2147483647;
			files = (
				25E0F84C197D8AD400668F79 /* Person.swift in Sources */,
				25E0F82C197D877C00668F79 /* ViewController.swift in Sources */,
				2589BB9F197F55A4001C0860 /* RosterViewController.swift in Sources */,
				25E0F82A197D877C00668F79 /* AppDelegate.swift in Sources */,
				25623B6F197F1AF00019D738 /* PersonTableViewCell.swift in Sources */,
				25115385197EEAC40008B59B /* DetailViewController.swift in Sources */,
			);
			runOnlyForDeploymentPostprocessing = 0;
		};
		25E0F832197D877C00668F79 /* Sources */ = {
			isa = PBXSourcesBuildPhase;
			buildActionMask = 2147483647;
			files = (
				25E0F856197DBD1E00668F79 /* ViewController.swift in Sources */,
				25E0F84D197D8B6600668F79 /* Person.swift in Sources */,
				25E0F84A197D89CE00668F79 /* PersonTests.swift in Sources */,
				25434E2A198012B200D30AE5 /* DetailViewController.swift in Sources */,
				25E0F855197DBCC300668F79 /* ViewControllerTests.swift in Sources */,
				25E0F83D197D877C00668F79 /* ClassRosterB19Tests.swift in Sources */,
				25434E2C198012C100D30AE5 /* PersonTableViewCell.swift in Sources */,
				25434E2B198012B500D30AE5 /* RosterViewController.swift in Sources */,
			);
			runOnlyForDeploymentPostprocessing = 0;
		};
/* End PBXSourcesBuildPhase section */

/* Begin PBXTargetDependency section */
		25E0F838197D877C00668F79 /* PBXTargetDependency */ = {
			isa = PBXTargetDependency;
			target = 25E0F823197D877C00668F79 /* ClassRosterB19 */;
			targetProxy = 25E0F837197D877C00668F79 /* PBXContainerItemProxy */;
		};
/* End PBXTargetDependency section */

/* Begin PBXVariantGroup section */
		25E0F82D197D877C00668F79 /* Main.storyboard */ = {
			isa = PBXVariantGroup;
			children = (
				25E0F82E197D877C00668F79 /* Base */,
			);
			name = Main.storyboard;
			sourceTree = "<group>";
		};
/* End PBXVariantGroup section */

/* Begin XCBuildConfiguration section */
		25E0F83E197D877C00668F79 /* Debug */ = {
			isa = XCBuildConfiguration;
			buildSettings = {
				ALWAYS_SEARCH_USER_PATHS = NO;
				CLANG_CXX_LANGUAGE_STANDARD = "gnu++0x";
				CLANG_CXX_LIBRARY = "libc++";
				CLANG_ENABLE_MODULES = YES;
				CLANG_ENABLE_OBJC_ARC = YES;
				CLANG_WARN_BOOL_CONVERSION = YES;
				CLANG_WARN_CONSTANT_CONVERSION = YES;
				CLANG_WARN_DIRECT_OBJC_ISA_USAGE = YES_ERROR;
				CLANG_WARN_EMPTY_BODY = YES;
				CLANG_WARN_ENUM_CONVERSION = YES;
				CLANG_WARN_INT_CONVERSION = YES;
				CLANG_WARN_OBJC_ROOT_CLASS = YES_ERROR;
				CLANG_WARN_UNREACHABLE_CODE = YES;
				CLANG_WARN__DUPLICATE_METHOD_MATCH = YES;
				"CODE_SIGN_IDENTITY[sdk=iphoneos*]" = "iPhone Developer";
				COPY_PHASE_STRIP = NO;
				ENABLE_STRICT_OBJC_MSGSEND = YES;
				GCC_C_LANGUAGE_STANDARD = gnu99;
				GCC_DYNAMIC_NO_PIC = NO;
				GCC_OPTIMIZATION_LEVEL = 0;
				GCC_PREPROCESSOR_DEFINITIONS = (
					"DEBUG=1",
					"$(inherited)",
				);
				GCC_SYMBOLS_PRIVATE_EXTERN = NO;
				GCC_WARN_64_TO_32_BIT_CONVERSION = YES;
				GCC_WARN_ABOUT_RETURN_TYPE = YES_ERROR;
				GCC_WARN_UNDECLARED_SELECTOR = YES;
				GCC_WARN_UNINITIALIZED_AUTOS = YES_AGGRESSIVE;
				GCC_WARN_UNUSED_FUNCTION = YES;
				GCC_WARN_UNUSED_VARIABLE = YES;
				IPHONEOS_DEPLOYMENT_TARGET = 8.0;
				MTL_ENABLE_DEBUG_INFO = YES;
				ONLY_ACTIVE_ARCH = YES;
				SDKROOT = iphoneos;
				SWIFT_OPTIMIZATION_LEVEL = "-Onone";
				TARGETED_DEVICE_FAMILY = "1,2";
			};
			name = Debug;
		};
		25E0F83F197D877C00668F79 /* Release */ = {
			isa = XCBuildConfiguration;
			buildSettings = {
				ALWAYS_SEARCH_USER_PATHS = NO;
				CLANG_CXX_LANGUAGE_STANDARD = "gnu++0x";
				CLANG_CXX_LIBRARY = "libc++";
				CLANG_ENABLE_MODULES = YES;
				CLANG_ENABLE_OBJC_ARC = YES;
				CLANG_WARN_BOOL_CONVERSION = YES;
				CLANG_WARN_CONSTANT_CONVERSION = YES;
				CLANG_WARN_DIRECT_OBJC_ISA_USAGE = YES_ERROR;
				CLANG_WARN_EMPTY_BODY = YES;
				CLANG_WARN_ENUM_CONVERSION = YES;
				CLANG_WARN_INT_CONVERSION = YES;
				CLANG_WARN_OBJC_ROOT_CLASS = YES_ERROR;
				CLANG_WARN_UNREACHABLE_CODE = YES;
				CLANG_WARN__DUPLICATE_METHOD_MATCH = YES;
				"CODE_SIGN_IDENTITY[sdk=iphoneos*]" = "iPhone Developer";
				COPY_PHASE_STRIP = YES;
				ENABLE_NS_ASSERTIONS = NO;
				ENABLE_STRICT_OBJC_MSGSEND = YES;
				GCC_C_LANGUAGE_STANDARD = gnu99;
				GCC_WARN_64_TO_32_BIT_CONVERSION = YES;
				GCC_WARN_ABOUT_RETURN_TYPE = YES_ERROR;
				GCC_WARN_UNDECLARED_SELECTOR = YES;
				GCC_WARN_UNINITIALIZED_AUTOS = YES_AGGRESSIVE;
				GCC_WARN_UNUSED_FUNCTION = YES;
				GCC_WARN_UNUSED_VARIABLE = YES;
				IPHONEOS_DEPLOYMENT_TARGET = 8.0;
				MTL_ENABLE_DEBUG_INFO = NO;
				SDKROOT = iphoneos;
				TARGETED_DEVICE_FAMILY = "1,2";
				VALIDATE_PRODUCT = YES;
			};
			name = Release;
		};
		25E0F841197D877C00668F79 /* Debug */ = {
			isa = XCBuildConfiguration;
			buildSettings = {
				ASSETCATALOG_COMPILER_APPICON_NAME = AppIcon;
				ASSETCATALOG_COMPILER_LAUNCHIMAGE_NAME = LaunchImage;
				INFOPLIST_FILE = ClassRosterB19/Info.plist;
				LD_RUNPATH_SEARCH_PATHS = "$(inherited) @executable_path/Frameworks";
				PRODUCT_NAME = "$(TARGET_NAME)";
			};
			name = Debug;
		};
		25E0F842197D877C00668F79 /* Release */ = {
			isa = XCBuildConfiguration;
			buildSettings = {
				ASSETCATALOG_COMPILER_APPICON_NAME = AppIcon;
				ASSETCATALOG_COMPILER_LAUNCHIMAGE_NAME = LaunchImage;
				INFOPLIST_FILE = ClassRosterB19/Info.plist;
				LD_RUNPATH_SEARCH_PATHS = "$(inherited) @executable_path/Frameworks";
				PRODUCT_NAME = "$(TARGET_NAME)";
			};
			name = Release;
		};
		25E0F844197D877C00668F79 /* Debug */ = {
			isa = XCBuildConfiguration;
			buildSettings = {
				BUNDLE_LOADER = "$(BUILT_PRODUCTS_DIR)/ClassRosterB19.app/ClassRosterB19";
				FRAMEWORK_SEARCH_PATHS = (
					"$(SDKROOT)/Developer/Library/Frameworks",
					"$(inherited)",
				);
				GCC_PREPROCESSOR_DEFINITIONS = (
					"DEBUG=1",
					"$(inherited)",
				);
				INFOPLIST_FILE = ClassRosterB19Tests/Info.plist;
				LD_RUNPATH_SEARCH_PATHS = "$(inherited) @executable_path/Frameworks @loader_path/Frameworks";
				PRODUCT_NAME = "$(TARGET_NAME)";
				TEST_HOST = "$(BUNDLE_LOADER)";
			};
			name = Debug;
		};
		25E0F845197D877C00668F79 /* Release */ = {
			isa = XCBuildConfiguration;
			buildSettings = {
				BUNDLE_LOADER = "$(BUILT_PRODUCTS_DIR)/ClassRosterB19.app/ClassRosterB19";
				FRAMEWORK_SEARCH_PATHS = (
					"$(SDKROOT)/Developer/Library/Frameworks",
					"$(inherited)",
				);
				INFOPLIST_FILE = ClassRosterB19Tests/Info.plist;
				LD_RUNPATH_SEARCH_PATHS = "$(inherited) @executable_path/Frameworks @loader_path/Frameworks";
				PRODUCT_NAME = "$(TARGET_NAME)";
				TEST_HOST = "$(BUNDLE_LOADER)";
			};
			name = Release;
		};
/* End XCBuildConfiguration section */

/* Begin XCConfigurationList section */
		25E0F81F197D877C00668F79 /* Build configuration list for PBXProject "ClassRosterB19" */ = {
			isa = XCConfigurationList;
			buildConfigurations = (
				25E0F83E197D877C00668F79 /* Debug */,
				25E0F83F197D877C00668F79 /* Release */,
			);
			defaultConfigurationIsVisible = 0;
			defaultConfigurationName = Release;
		};
		25E0F840197D877C00668F79 /* Build configuration list for PBXNativeTarget "ClassRosterB19" */ = {
			isa = XCConfigurationList;
			buildConfigurations = (
				25E0F841197D877C00668F79 /* Debug */,
				25E0F842197D877C00668F79 /* Release */,
			);
			defaultConfigurationIsVisible = 0;
			defaultConfigurationName = Release;
		};
		25E0F843197D877C00668F79 /* Build configuration list for PBXNativeTarget "ClassRosterB19Tests" */ = {
			isa = XCConfigurationList;
			buildConfigurations = (
				25E0F844197D877C00668F79 /* Debug */,
				25E0F845197D877C00668F79 /* Release */,
			);
			defaultConfigurationIsVisible = 0;
			defaultConfigurationName = Release;
		};
/* End XCConfigurationList section */
	};
	rootObject = 25E0F81C197D877C00668F79 /* Project object */;
}
